
Microsoft Visual Studio Solution File, Format Version 12.00
# Visual Studio Version 16
VisualStudioVersion = 16.0.29728.190
MinimumVisualStudioVersion = 10.0.40219.1
Project("{9A19103F-16F7-4668-BE54-9A1E7A4F7556}") = "OrnekUyg.Model", "OrnekUyg.Model\OrnekUyg.Model.csproj", "{2C88B2CF-BF81-4A2A-9B1E-10227A731A7E}"
EndProject
Project("{9A19103F-16F7-4668-BE54-9A1E7A4F7556}") = "OrnekUyg.Core", "OrnekUyg.Core\OrnekUyg.Core.csproj", "{12E192EC-18E2-45FB-99ED-DDB8E6BC6060}"
EndProject
Project("{9A19103F-16F7-4668-BE54-9A1E7A4F7556}") = "OrnekUyg.DAL", "OrnekUyg.DAL\OrnekUyg.DAL.csproj", "{CD5D7499-C16D-47E1-9521-E1DF2DED1A70}"
EndProject
Project("{9A19103F-16F7-4668-BE54-9A1E7A4F7556}") = "OrnekUyg.BLL", "OrnekUyg.BLL\OrnekUyg.BLL.csproj", "{B6618966-007C-48DC-8941-4C2D7905ACE2}"
EndProject
Project("{9A19103F-16F7-4668-BE54-9A1E7A4F7556}") = "OrnekUygMVC.UI", "OrnekUygMVC.UI\OrnekUygMVC.UI.csproj", "{FAAB2D01-08F6-4831-B44F-2FBB50CF06A2}"
EndProject
Global
	GlobalSection(SolutionConfigurationPlatforms) = preSolution
		Debug|Any CPU = Debug|Any CPU
		Release|Any CPU = Release|Any CPU
	EndGlobalSection
	GlobalSection(ProjectConfigurationPlatforms) = postSolution
		{2C88B2CF-BF81-4A2A-9B1E-10227A731A7E}.Debug|Any CPU.ActiveCfg = Debug|Any CPU
		{2C88B2CF-BF81-4A2A-9B1E-10227A731A7E}.Debug|Any CPU.Build.0 = Debug|Any CPU
		{2C88B2CF-BF81-4A2A-9B1E-10227A731A7E}.Release|Any CPU.ActiveCfg = Release|Any CPU
		{2C88B2CF-BF81-4A2A-9B1E-10227A731A7E}.Release|Any CPU.Build.0 = Release|Any CPU
		{12E192EC-18E2-45FB-99ED-DDB8E6BC6060}.Debug|Any CPU.ActiveCfg = Debug|Any CPU
		{12E192EC-18E2-45FB-99ED-DDB8E6BC6060}.Debug|Any CPU.Build.0 = Debug|Any CPU
		{12E192EC-18E2-45FB-99ED-DDB8E6BC6060}.Release|Any CPU.ActiveCfg = Release|Any CPU
		{12E192EC-18E2-45FB-99ED-DDB8E6BC6060}.Release|Any CPU.Build.0 = Release|Any CPU
		{CD5D7499-C16D-47E1-9521-E1DF2DED1A70}.Debug|Any CPU.ActiveCfg = Debug|Any CPU
		{CD5D7499-C16D-47E1-9521-E1DF2DED1A70}.Debug|Any CPU.Build.0 = Debug|Any CPU
		{CD5D7499-C16D-47E1-9521-E1DF2DED1A70}.Release|Any CPU.ActiveCfg = Release|Any CPU
		{CD5D7499-C16D-47E1-9521-E1DF2DED1A70}.Release|Any CPU.Build.0 = Release|Any CPU
		{B6618966-007C-48DC-8941-4C2D7905ACE2}.Debug|Any CPU.ActiveCfg = Debug|Any CPU
		{B6618966-007C-48DC-8941-4C2D7905ACE2}.Debug|Any CPU.Build.0 = Debug|Any CPU
		{B6618966-007C-48DC-8941-4C2D7905ACE2}.Release|Any CPU.ActiveCfg = Release|Any CPU
		{B6618966-007C-48DC-8941-4C2D7905ACE2}.Release|Any CPU.Build.0 = Release|Any CPU
		{FAAB2D01-08F6-4831-B44F-2FBB50CF06A2}.Debug|Any CPU.ActiveCfg = Debug|Any CPU
		{FAAB2D01-08F6-4831-B44F-2FBB50CF06A2}.Debug|Any CPU.Build.0 = Debug|Any CPU
		{FAAB2D01-08F6-4831-B44F-2FBB50CF06A2}.Release|Any CPU.ActiveCfg = Release|Any CPU
		{FAAB2D01-08F6-4831-B44F-2FBB50CF06A2}.Release|Any CPU.Build.0 = Release|Any CPU
	EndGlobalSection
	GlobalSection(SolutionProperties) = preSolution
		HideSolutionNode = FALSE
	EndGlobalSection
	GlobalSection(ExtensibilityGlobals) = postSolution
		SolutionGuid = {136C1399-2C2E-407C-B645-D84EA2774BD4}
	EndGlobalSection
EndGlobal
